{
  "nodes": {
    "cargo-chef": {
      "flake": false,
      "locked": {
        "lastModified": 1727084300,
        "narHash": "sha256-ya6hQXFDWMvb265v7vktRcc/kVb833vmq8Z9ArM70F0=",
        "owner": "LukeMathWalker",
        "repo": "cargo-chef",
        "rev": "a228626f314d3aacd21723b49dd5cc4257d3f716",
        "type": "github"
      },
      "original": {
        "owner": "LukeMathWalker",
        "ref": "main",
        "repo": "cargo-chef",
        "type": "github"
      }
    },
    "cargo-rdme": {
      "flake": false,
      "locked": {
        "lastModified": 1718044745,
        "narHash": "sha256-Oa667BTz/PdxZmhGSP+qfPcUbORlk7nP5OrCJyYqVQg=",
        "owner": "orium",
        "repo": "cargo-rdme",
        "rev": "22d756971037ad4c7953db882c5b96a662364f15",
        "type": "github"
      },
      "original": {
        "owner": "orium",
        "ref": "v1.4.4",
        "repo": "cargo-rdme",
        "type": "github"
      }
    },
    "crane": {
      "locked": {
        "lastModified": 1732407143,
        "narHash": "sha256-qJOGDT6PACoX+GbNH2PPx2ievlmtT1NVeTB80EkRLys=",
        "owner": "ipetkov",
        "repo": "crane",
        "rev": "f2b4b472983817021d9ffb60838b2b36b9376b20",
        "type": "github"
      },
      "original": {
        "owner": "ipetkov",
        "repo": "crane",
        "type": "github"
      }
    },
    "empty": {
      "flake": false,
      "locked": {
        "lastModified": 1683792623,
        "narHash": "sha256-pQpattmS9VmO3ZIQUFn66az8GSmB4IvYhTTCFn6SUmo=",
        "owner": "steveej",
        "repo": "empty",
        "rev": "8e328e450e4cd32e072eba9e99fe92cf2a1ef5cf",
        "type": "github"
      },
      "original": {
        "owner": "steveej",
        "repo": "empty",
        "type": "github"
      }
    },
    "flake-compat": {
      "flake": false,
      "locked": {
        "lastModified": 1732722421,
        "narHash": "sha256-HRJ/18p+WoXpWJkcdsk9St5ZiukCqSDgbOGFa8Okehg=",
        "owner": "edolstra",
        "repo": "flake-compat",
        "rev": "9ed2ac151eada2306ca8c418ebd97807bb08f6ac",
        "type": "github"
      },
      "original": {
        "owner": "edolstra",
        "repo": "flake-compat",
        "type": "github"
      }
    },
    "flake-parts": {
      "inputs": {
        "nixpkgs-lib": "nixpkgs-lib"
      },
      "locked": {
        "lastModified": 1730504689,
        "narHash": "sha256-hgmguH29K2fvs9szpq2r3pz2/8cJd2LPS+b4tfNFCwE=",
        "owner": "hercules-ci",
        "repo": "flake-parts",
        "rev": "506278e768c2a08bec68eb62932193e341f55c90",
        "type": "github"
      },
      "original": {
        "id": "flake-parts",
        "type": "indirect"
      }
    },
    "holochain": {
      "flake": false,
      "locked": {
        "lastModified": 1741007205,
        "narHash": "sha256-t3L5PrXSfq+47cvDQgJMxZ+W7q2UNhkKRiAZuMv//Lo=",
        "owner": "holochain",
        "repo": "holochain",
        "rev": "5025fb1c3969f9284e31511889e88cabed933ffe",
        "type": "github"
      },
      "original": {
        "owner": "holochain",
        "ref": "holochain-0.5.0-dev.21",
        "repo": "holochain",
        "type": "github"
      }
    },
    "holochain-flake": {
      "inputs": {
        "cargo-chef": "cargo-chef",
        "cargo-rdme": "cargo-rdme",
        "crane": "crane",
        "empty": "empty",
        "flake-compat": "flake-compat",
        "flake-parts": "flake-parts",
        "holochain": [
          "holochain-flake",
          "empty"
        ],
        "lair": [
          "holochain-flake",
          "empty"
        ],
        "launcher": [
          "holochain-flake",
          "empty"
        ],
        "nix-filter": "nix-filter",
        "nixpkgs": "nixpkgs",
        "pre-commit-hooks-nix": "pre-commit-hooks-nix",
        "repo-git": "repo-git",
        "rust-overlay": "rust-overlay",
        "scaffolding": [
          "holochain-flake",
          "empty"
        ],
        "versions": [
          "versions"
        ]
      },
      "locked": {
        "lastModified": 1744721899,
        "narHash": "sha256-QYJ32l5cw8sxuEXMSPPv4iXe8zwDWidSeyuvAtH/jvE=",
        "owner": "holochain",
        "repo": "holochain",
        "rev": "53a2122b07427d835aabc9d0cf070694afaff030",
        "type": "github"
      },
      "original": {
        "owner": "holochain",
        "repo": "holochain",
        "type": "github"
      }
    },
    "lair": {
      "flake": false,
      "locked": {
        "lastModified": 1732721902,
        "narHash": "sha256-D8sXIpOptaXib5bc6zS7KsGzu4D08jaL8Fx1W/mlADE=",
        "owner": "holochain",
        "repo": "lair",
        "rev": "e82937521ae9b7bdb30c8b0736c13cd4220a0223",
        "type": "github"
      },
      "original": {
        "owner": "holochain",
        "ref": "lair_keystore-v0.5.3",
        "repo": "lair",
        "type": "github"
      }
    },
    "launcher": {
      "flake": false,
      "locked": {
        "lastModified": 1727250978,
        "narHash": "sha256-6u/VjFRV4eQQS4H0he7C0n7uNjzBBtkeoyN46jTO0mc=",
        "owner": "holochain",
        "repo": "hc-launch",
        "rev": "92afce654187be5abef67d34df20bd6464524cf3",
        "type": "github"
      },
      "original": {
        "owner": "holochain",
        "ref": "holochain-weekly",
        "repo": "hc-launch",
        "type": "github"
      }
    },
    "nix-filter": {
      "locked": {
        "lastModified": 1731533336,
        "narHash": "sha256-oRam5PS1vcrr5UPgALW0eo1m/5/pls27Z/pabHNy2Ms=",
        "owner": "numtide",
        "repo": "nix-filter",
        "rev": "f7653272fd234696ae94229839a99b73c9ab7de0",
        "type": "github"
      },
      "original": {
        "owner": "numtide",
        "repo": "nix-filter",
        "type": "github"
      }
    },
    "nixpkgs": {
      "locked": {
        "lastModified": 1739580444,
        "narHash": "sha256-+/bSz4EAVbqz8/HsIGLroF8aNaO8bLRL7WfACN+24g4=",
        "owner": "NixOS",
        "repo": "nixpkgs",
        "rev": "8bb37161a0488b89830168b81c48aed11569cb93",
        "type": "github"
      },
      "original": {
        "id": "nixpkgs",
        "ref": "nixos-unstable",
        "type": "indirect"
      }
    },
    "nixpkgs-lib": {
      "locked": {
        "lastModified": 1730504152,
        "narHash": "sha256-lXvH/vOfb4aGYyvFmZK/HlsNsr/0CVWlwYvo2rxJk3s=",
        "type": "tarball",
        "url": "https://github.com/NixOS/nixpkgs/archive/cc2f28000298e1269cea6612cd06ec9979dd5d7f.tar.gz"
      },
      "original": {
        "type": "tarball",
        "url": "https://github.com/NixOS/nixpkgs/archive/cc2f28000298e1269cea6612cd06ec9979dd5d7f.tar.gz"
      }
    },
    "pre-commit-hooks-nix": {
      "flake": false,
      "locked": {
        "lastModified": 1732021966,
        "narHash": "sha256-mnTbjpdqF0luOkou8ZFi2asa1N3AA2CchR/RqCNmsGE=",
        "owner": "cachix",
        "repo": "pre-commit-hooks.nix",
        "rev": "3308484d1a443fc5bc92012435d79e80458fe43c",
        "type": "github"
      },
      "original": {
        "owner": "cachix",
        "repo": "pre-commit-hooks.nix",
        "type": "github"
      }
    },
    "repo-git": {
      "flake": false,
      "locked": {
        "narHash": "sha256-d6xi4mKdjkX2JFicDIv5niSzpyI0m/Hnm8GGAIU04kY=",
        "type": "file",
        "url": "file:/dev/null"
      },
      "original": {
        "type": "file",
        "url": "file:/dev/null"
      }
    },
    "root": {
      "inputs": {
        "holochain-flake": "holochain-flake",
        "nixpkgs": [
          "holochain-flake",
          "nixpkgs"
        ],
        "versions": "versions"
      }
    },
    "rust-overlay": {
      "inputs": {
        "nixpkgs": [
          "holochain-flake",
          "nixpkgs"
        ]
      },
      "locked": {
        "lastModified": 1744513456,
        "narHash": "sha256-NLVluTmK8d01Iz+WyarQhwFcXpHEwU7m5hH3YQQFJS0=",
        "owner": "oxalica",
        "repo": "rust-overlay",
        "rev": "730fd8e82799219754418483fabe1844262fd1e2",
        "type": "github"
      },
      "original": {
        "owner": "oxalica",
        "repo": "rust-overlay",
        "type": "github"
      }
    },
    "scaffolding": {
      "flake": false,
      "locked": {
        "lastModified": 1738683444,
        "narHash": "sha256-nLCdB9Gs09XLcfXYuLPfAhyuuZylg/011WoAL1fomTE=",
        "owner": "holochain",
        "repo": "scaffolding",
        "rev": "a375473e19be608c5ec8325285ca6d84377ccb49",
        "type": "github"
      },
      "original": {
        "owner": "holochain",
        "ref": "holochain-weekly",
        "repo": "scaffolding",
        "type": "github"
      }
    },
    "versions": {
      "inputs": {
        "holochain": "holochain",
        "lair": "lair",
        "launcher": "launcher",
        "scaffolding": "scaffolding"
      },
      "locked": {
        "dir": "versions/weekly",
        "lastModified": 1744721899,
        "narHash": "sha256-QYJ32l5cw8sxuEXMSPPv4iXe8zwDWidSeyuvAtH/jvE=",
        "owner": "holochain",
        "repo": "holochain",
        "rev": "53a2122b07427d835aabc9d0cf070694afaff030",
        "type": "github"
      },
      "original": {
        "dir": "versions/weekly",
        "owner": "holochain",
        "repo": "holochain",
        "type": "github"
      }
    }
  },
  "root": "root",
  "version": 7
}
